
Microsoft Visual Studio Solution File, Format Version 12.00
# Visual Studio Version 17
VisualStudioVersion = 17.4.33110.190
MinimumVisualStudioVersion = 10.0.40219.1
Project("{FAE04EC0-301F-11D3-BF4B-00C04F79EFBC}") = "WpfPresentation", "WpfPresentation\WpfPresentation.csproj", "{31A06496-9CF8-42FD-9D7A-42037EA36977}"
EndProject
Project("{FAE04EC0-301F-11D3-BF4B-00C04F79EFBC}") = "DataObjects", "DataObjects\DataObjects.csproj", "{C57C2729-96F3-44A4-8D12-5B54085AE0D8}"
EndProject
Project("{FAE04EC0-301F-11D3-BF4B-00C04F79EFBC}") = "LogicLayer", "LogicLayer\LogicLayer.csproj", "{57593EF8-652F-4BB4-B58D-8EBE0062CB37}"
EndProject
Project("{FAE04EC0-301F-11D3-BF4B-00C04F79EFBC}") = "DataAccessLayer", "DataAccessLayer\DataAccessLayer.csproj", "{9D8F32E2-5F86-41E1-BB60-C65C194EDB09}"
EndProject
Project("{FAE04EC0-301F-11D3-BF4B-00C04F79EFBC}") = "LogicLayerInterfaces", "LogicLayerInterfaces\LogicLayerInterfaces.csproj", "{F0D60E98-C1D7-41AA-B0A5-F67B3CC205BD}"
EndProject
Project("{FAE04EC0-301F-11D3-BF4B-00C04F79EFBC}") = "DataAccessLayerFakes", "DataAccessLayerFakes\DataAccessLayerFakes.csproj", "{A179AF19-5A35-4DE7-8912-8399CB3DEF7D}"
EndProject
Project("{FAE04EC0-301F-11D3-BF4B-00C04F79EFBC}") = "DataAccessLayerInterfaces", "DataAccessLayerInterfaces\DataAccessLayerInterfaces.csproj", "{7F81032C-2A38-4BFD-B562-250D8B8E27FA}"
EndProject
Project("{FAE04EC0-301F-11D3-BF4B-00C04F79EFBC}") = "LogicLayerTests", "LogicLayerTests\LogicLayerTests.csproj", "{110FEE5E-1033-4D2E-9084-2F2599210955}"
EndProject
Project("{2150E333-8FDC-42A3-9474-1A3956D46DE8}") = "Solution Items", "Solution Items", "{6FC12B9A-D283-4D94-B356-897F9F212E80}"
	ProjectSection(SolutionItems) = preProject
		.editorconfig = .editorconfig
	EndProjectSection
EndProject
Global
	GlobalSection(SolutionConfigurationPlatforms) = preSolution
		Debug|Any CPU = Debug|Any CPU
		Release|Any CPU = Release|Any CPU
	EndGlobalSection
	GlobalSection(ProjectConfigurationPlatforms) = postSolution
		{31A06496-9CF8-42FD-9D7A-42037EA36977}.Debug|Any CPU.ActiveCfg = Debug|Any CPU
		{31A06496-9CF8-42FD-9D7A-42037EA36977}.Debug|Any CPU.Build.0 = Debug|Any CPU
		{31A06496-9CF8-42FD-9D7A-42037EA36977}.Release|Any CPU.ActiveCfg = Release|Any CPU
		{31A06496-9CF8-42FD-9D7A-42037EA36977}.Release|Any CPU.Build.0 = Release|Any CPU
		{C57C2729-96F3-44A4-8D12-5B54085AE0D8}.Debug|Any CPU.ActiveCfg = Debug|Any CPU
		{C57C2729-96F3-44A4-8D12-5B54085AE0D8}.Debug|Any CPU.Build.0 = Debug|Any CPU
		{C57C2729-96F3-44A4-8D12-5B54085AE0D8}.Release|Any CPU.ActiveCfg = Release|Any CPU
		{C57C2729-96F3-44A4-8D12-5B54085AE0D8}.Release|Any CPU.Build.0 = Release|Any CPU
		{57593EF8-652F-4BB4-B58D-8EBE0062CB37}.Debug|Any CPU.ActiveCfg = Debug|Any CPU
		{57593EF8-652F-4BB4-B58D-8EBE0062CB37}.Debug|Any CPU.Build.0 = Debug|Any CPU
		{57593EF8-652F-4BB4-B58D-8EBE0062CB37}.Release|Any CPU.ActiveCfg = Release|Any CPU
		{57593EF8-652F-4BB4-B58D-8EBE0062CB37}.Release|Any CPU.Build.0 = Release|Any CPU
		{9D8F32E2-5F86-41E1-BB60-C65C194EDB09}.Debug|Any CPU.ActiveCfg = Debug|Any CPU
		{9D8F32E2-5F86-41E1-BB60-C65C194EDB09}.Debug|Any CPU.Build.0 = Debug|Any CPU
		{9D8F32E2-5F86-41E1-BB60-C65C194EDB09}.Release|Any CPU.ActiveCfg = Release|Any CPU
		{9D8F32E2-5F86-41E1-BB60-C65C194EDB09}.Release|Any CPU.Build.0 = Release|Any CPU
		{F0D60E98-C1D7-41AA-B0A5-F67B3CC205BD}.Debug|Any CPU.ActiveCfg = Debug|Any CPU
		{F0D60E98-C1D7-41AA-B0A5-F67B3CC205BD}.Debug|Any CPU.Build.0 = Debug|Any CPU
		{F0D60E98-C1D7-41AA-B0A5-F67B3CC205BD}.Release|Any CPU.ActiveCfg = Release|Any CPU
		{F0D60E98-C1D7-41AA-B0A5-F67B3CC205BD}.Release|Any CPU.Build.0 = Release|Any CPU
		{A179AF19-5A35-4DE7-8912-8399CB3DEF7D}.Debug|Any CPU.ActiveCfg = Debug|Any CPU
		{A179AF19-5A35-4DE7-8912-8399CB3DEF7D}.Debug|Any CPU.Build.0 = Debug|Any CPU
		{A179AF19-5A35-4DE7-8912-8399CB3DEF7D}.Release|Any CPU.ActiveCfg = Release|Any CPU
		{A179AF19-5A35-4DE7-8912-8399CB3DEF7D}.Release|Any CPU.Build.0 = Release|Any CPU
		{7F81032C-2A38-4BFD-B562-250D8B8E27FA}.Debug|Any CPU.ActiveCfg = Debug|Any CPU
		{7F81032C-2A38-4BFD-B562-250D8B8E27FA}.Debug|Any CPU.Build.0 = Debug|Any CPU
		{7F81032C-2A38-4BFD-B562-250D8B8E27FA}.Release|Any CPU.ActiveCfg = Release|Any CPU
		{7F81032C-2A38-4BFD-B562-250D8B8E27FA}.Release|Any CPU.Build.0 = Release|Any CPU
		{110FEE5E-1033-4D2E-9084-2F2599210955}.Debug|Any CPU.ActiveCfg = Debug|Any CPU
		{110FEE5E-1033-4D2E-9084-2F2599210955}.Debug|Any CPU.Build.0 = Debug|Any CPU
		{110FEE5E-1033-4D2E-9084-2F2599210955}.Release|Any CPU.ActiveCfg = Release|Any CPU
		{110FEE5E-1033-4D2E-9084-2F2599210955}.Release|Any CPU.Build.0 = Release|Any CPU
	EndGlobalSection
	GlobalSection(SolutionProperties) = preSolution
		HideSolutionNode = FALSE
	EndGlobalSection
	GlobalSection(ExtensibilityGlobals) = postSolution
		SolutionGuid = {09EEB67D-C325-41AD-9A7C-4A2C9BA7778C}
	EndGlobalSection
EndGlobal
